
Microsoft Visual Studio Solution File, Format Version 12.00
# Visual Studio Version 17
VisualStudioVersion = 17.14.36518.9
MinimumVisualStudioVersion = 10.0.40219.1
Project("{FAE04EC0-301F-11D3-BF4B-00C04F79EFBC}") = "CarMaintenance.Api", "src\CarMaintenance.Api\CarMaintenance.Api.csproj", "{A1B2C3D4-E5F6-7890-ABCD-123456789012}"
EndProject
Project("{FAE04EC0-301F-11D3-BF4B-00C04F79EFBC}") = "CarMaintenance.Application", "src\CarMaintenance.Application\CarMaintenance.Application.csproj", "{0EF1DCF1-36F9-4101-8F2D-E5B35685C880}"
EndProject
Project("{FAE04EC0-301F-11D3-BF4B-00C04F79EFBC}") = "CarMaintenance.Domain", "src\CarMaintenance.Domain\CarMaintenance.Domain.csproj", "{AC2BCD40-7F1D-4583-85FB-D2AD92FA19AF}"
EndProject
Project("{FAE04EC0-301F-11D3-BF4B-00C04F79EFBC}") = "CarMaintenance.Infrastructure", "src\CarMaintenance.Infrastructure\CarMaintenance.Infrastructure.csproj", "{EAE64991-840F-4AB1-8AEE-62CEAB3F92A7}"
EndProject
Project("{FAE04EC0-301F-11D3-BF4B-00C04F79EFBC}") = "CarMaintenance.Shared", "src\CarMaintenance.Shared\CarMaintenance.Shared.csproj", "{36E32BBD-9EFA-4B3A-A7D9-A9994F25FB5E}"
EndProject
Project("{FAE04EC0-301F-11D3-BF4B-00C04F79EFBC}") = "CarMaintenance.UnitTests", "tests\CarMaintenance.UnitTests\CarMaintenance.UnitTests.csproj", "{E9582B76-28B7-4946-955F-A81054BF12A9}"
EndProject
Project("{FAE04EC0-301F-11D3-BF4B-00C04F79EFBC}") = "CarMaintenance.IntegrationTests", "tests\CarMaintenance.IntegrationTests\CarMaintenance.IntegrationTests.csproj", "{8E609DCA-0314-4554-A200-246C0F4F0547}"
EndProject
Global
	GlobalSection(SolutionConfigurationPlatforms) = preSolution
		Debug|Any CPU = Debug|Any CPU
		Release|Any CPU = Release|Any CPU
	EndGlobalSection
	GlobalSection(ProjectConfigurationPlatforms) = postSolution
		{A1B2C3D4-E5F6-7890-ABCD-123456789012}.Debug|Any CPU.ActiveCfg = Debug|Any CPU
		{A1B2C3D4-E5F6-7890-ABCD-123456789012}.Debug|Any CPU.Build.0 = Debug|Any CPU
		{A1B2C3D4-E5F6-7890-ABCD-123456789012}.Release|Any CPU.ActiveCfg = Release|Any CPU
		{A1B2C3D4-E5F6-7890-ABCD-123456789012}.Release|Any CPU.Build.0 = Release|Any CPU
		{0EF1DCF1-36F9-4101-8F2D-E5B35685C880}.Debug|Any CPU.ActiveCfg = Debug|Any CPU
		{0EF1DCF1-36F9-4101-8F2D-E5B35685C880}.Debug|Any CPU.Build.0 = Debug|Any CPU
		{0EF1DCF1-36F9-4101-8F2D-E5B35685C880}.Release|Any CPU.ActiveCfg = Release|Any CPU
		{0EF1DCF1-36F9-4101-8F2D-E5B35685C880}.Release|Any CPU.Build.0 = Release|Any CPU
		{AC2BCD40-7F1D-4583-85FB-D2AD92FA19AF}.Debug|Any CPU.ActiveCfg = Debug|Any CPU
		{AC2BCD40-7F1D-4583-85FB-D2AD92FA19AF}.Debug|Any CPU.Build.0 = Debug|Any CPU
		{AC2BCD40-7F1D-4583-85FB-D2AD92FA19AF}.Release|Any CPU.ActiveCfg = Release|Any CPU
		{AC2BCD40-7F1D-4583-85FB-D2AD92FA19AF}.Release|Any CPU.Build.0 = Release|Any CPU
		{EAE64991-840F-4AB1-8AEE-62CEAB3F92A7}.Debug|Any CPU.ActiveCfg = Debug|Any CPU
		{EAE64991-840F-4AB1-8AEE-62CEAB3F92A7}.Debug|Any CPU.Build.0 = Debug|Any CPU
		{EAE64991-840F-4AB1-8AEE-62CEAB3F92A7}.Release|Any CPU.ActiveCfg = Release|Any CPU
		{EAE64991-840F-4AB1-8AEE-62CEAB3F92A7}.Release|Any CPU.Build.0 = Release|Any CPU
		{36E32BBD-9EFA-4B3A-A7D9-A9994F25FB5E}.Debug|Any CPU.ActiveCfg = Debug|Any CPU
		{36E32BBD-9EFA-4B3A-A7D9-A9994F25FB5E}.Debug|Any CPU.Build.0 = Debug|Any CPU
		{36E32BBD-9EFA-4B3A-A7D9-A9994F25FB5E}.Release|Any CPU.ActiveCfg = Release|Any CPU
		{36E32BBD-9EFA-4B3A-A7D9-A9994F25FB5E}.Release|Any CPU.Build.0 = Release|Any CPU
		{E9582B76-28B7-4946-955F-A81054BF12A9}.Debug|Any CPU.ActiveCfg = Debug|Any CPU
		{E9582B76-28B7-4946-955F-A81054BF12A9}.Debug|Any CPU.Build.0 = Debug|Any CPU
		{E9582B76-28B7-4946-955F-A81054BF12A9}.Release|Any CPU.ActiveCfg = Release|Any CPU
		{E9582B76-28B7-4946-955F-A81054BF12A9}.Release|Any CPU.Build.0 = Release|Any CPU
		{8E609DCA-0314-4554-A200-246C0F4F0547}.Debug|Any CPU.ActiveCfg = Debug|Any CPU
		{8E609DCA-0314-4554-A200-246C0F4F0547}.Debug|Any CPU.Build.0 = Debug|Any CPU
		{8E609DCA-0314-4554-A200-246C0F4F0547}.Release|Any CPU.ActiveCfg = Release|Any CPU
		{8E609DCA-0314-4554-A200-246C0F4F0547}.Release|Any CPU.Build.0 = Release|Any CPU
	EndGlobalSection
	GlobalSection(SolutionProperties) = preSolution
		HideSolutionNode = FALSE
	EndGlobalSection
	GlobalSection(ExtensibilityGlobals) = postSolution
		SolutionGuid = {B6E7954A-B69D-478F-8380-73D07084E11A}
	EndGlobalSection
EndGlobal
